
Microsoft Visual Studio Solution File, Format Version 12.00
# Visual Studio Version 17
VisualStudioVersion = 17.8.34330.188
MinimumVisualStudioVersion = 10.0.40219.1
Project("{FAE04EC0-301F-11D3-BF4B-00C04F79EFBC}") = "TTnav", "TTnav\TTnav.csproj", "{FB2ABDF9-89C0-4053-8BED-5757CECB25D8}"
EndProject
Global
	GlobalSection(SolutionConfigurationPlatforms) = preSolution
		Debug|Any CPU = Debug|Any CPU
		Release|Any CPU = Release|Any CPU
	EndGlobalSection
	GlobalSection(ProjectConfigurationPlatforms) = postSolution
		{FB2ABDF9-89C0-4053-8BED-5757CECB25D8}.Debug|Any CPU.ActiveCfg = Debug|Any CPU
		{FB2ABDF9-89C0-4053-8BED-5757CECB25D8}.Debug|Any CPU.Build.0 = Debug|Any CPU
		{FB2ABDF9-89C0-4053-8BED-5757CECB25D8}.Debug|Any CPU.Deploy.0 = Debug|Any CPU
		{FB2ABDF9-89C0-4053-8BED-5757CECB25D8}.Release|Any CPU.ActiveCfg = Release|Any CPU
		{FB2ABDF9-89C0-4053-8BED-5757CECB25D8}.Release|Any CPU.Build.0 = Release|Any CPU
		{FB2ABDF9-89C0-4053-8BED-5757CECB25D8}.Release|Any CPU.Deploy.0 = Release|Any CPU
	EndGlobalSection
	GlobalSection(SolutionProperties) = preSolution
		HideSolutionNode = FALSE
	EndGlobalSection
	GlobalSection(ExtensibilityGlobals) = postSolution
		SolutionGuid = {AEF6E389-85D1-4087-BD88-D6EEBEC9CFCF}
	EndGlobalSection
EndGlobal
